
Microsoft Visual Studio Solution File, Format Version 12.00
# Visual Studio Version 16
VisualStudioVersion = 16.0.31410.357
MinimumVisualStudioVersion = 10.0.40219.1
Project("{FAE04EC0-301F-11D3-BF4B-00C04F79EFBC}") = "Logger_CSharp", "Logger_CSharp\Logger_CSharp.csproj", "{E9529B48-7430-46BF-B3B4-D4B7138AE39A}"
EndProject
Global
	GlobalSection(SolutionConfigurationPlatforms) = preSolution
		Debug|Any CPU = Debug|Any CPU
		Release|Any CPU = Release|Any CPU
	EndGlobalSection
	GlobalSection(ProjectConfigurationPlatforms) = postSolution
		{E9529B48-7430-46BF-B3B4-D4B7138AE39A}.Debug|Any CPU.ActiveCfg = Debug|Any CPU
		{E9529B48-7430-46BF-B3B4-D4B7138AE39A}.Debug|Any CPU.Build.0 = Debug|Any CPU
		{E9529B48-7430-46BF-B3B4-D4B7138AE39A}.Release|Any CPU.ActiveCfg = Release|Any CPU
		{E9529B48-7430-46BF-B3B4-D4B7138AE39A}.Release|Any CPU.Build.0 = Release|Any CPU
	EndGlobalSection
	GlobalSection(SolutionProperties) = preSolution
		HideSolutionNode = FALSE
	EndGlobalSection
	GlobalSection(ExtensibilityGlobals) = postSolution
		SolutionGuid = {B5453FB2-5274-4014-84EE-6A497999A71D}
	EndGlobalSection
EndGlobal
